
Microsoft Visual Studio Solution File, Format Version 12.00
# Visual Studio Version 16
VisualStudioVersion = 16.0.31605.320
MinimumVisualStudioVersion = 10.0.40219.1
Project("{FAE04EC0-301F-11D3-BF4B-00C04F79EFBC}") = "EmployeeAPI", "EmployeeAPI\EmployeeAPI.csproj", "{8E059292-CB84-4849-B729-35EB04404FFD}"
EndProject
Project("{FAE04EC0-301F-11D3-BF4B-00C04F79EFBC}") = "Employees", "Employees\Employees.csproj", "{F58ED34B-0AFE-48A9-8DC3-8BB9E718E30B}"
EndProject
Global
	GlobalSection(SolutionConfigurationPlatforms) = preSolution
		Debug|Any CPU = Debug|Any CPU
		Release|Any CPU = Release|Any CPU
	EndGlobalSection
	GlobalSection(ProjectConfigurationPlatforms) = postSolution
		{8E059292-CB84-4849-B729-35EB04404FFD}.Debug|Any CPU.ActiveCfg = Debug|Any CPU
		{8E059292-CB84-4849-B729-35EB04404FFD}.Debug|Any CPU.Build.0 = Debug|Any CPU
		{8E059292-CB84-4849-B729-35EB04404FFD}.Release|Any CPU.ActiveCfg = Release|Any CPU
		{8E059292-CB84-4849-B729-35EB04404FFD}.Release|Any CPU.Build.0 = Release|Any CPU
		{F58ED34B-0AFE-48A9-8DC3-8BB9E718E30B}.Debug|Any CPU.ActiveCfg = Debug|Any CPU
		{F58ED34B-0AFE-48A9-8DC3-8BB9E718E30B}.Debug|Any CPU.Build.0 = Debug|Any CPU
		{F58ED34B-0AFE-48A9-8DC3-8BB9E718E30B}.Release|Any CPU.ActiveCfg = Release|Any CPU
		{F58ED34B-0AFE-48A9-8DC3-8BB9E718E30B}.Release|Any CPU.Build.0 = Release|Any CPU
	EndGlobalSection
	GlobalSection(SolutionProperties) = preSolution
		HideSolutionNode = FALSE
	EndGlobalSection
	GlobalSection(ExtensibilityGlobals) = postSolution
		SolutionGuid = {3607F824-4A75-46A6-8A88-9E0959B200D7}
	EndGlobalSection
EndGlobal
